// !$*UTF8*$!
{
	archiveVersion = 1;
	classes = {
	};
	objectVersion = 50;
	objects = {

/* Begin PBXBuildFile section */
		162F813827A3759E008ECE9F /* ConfigQuiz.storyboard in Resources */ = {isa = PBXBuildFile; fileRef = 162F813727A3759E008ECE9F /* ConfigQuiz.storyboard */; };
		162F813A27A375E2008ECE9F /* ConfigQuizViewController.swift in Sources */ = {isa = PBXBuildFile; fileRef = 162F813927A375E2008ECE9F /* ConfigQuizViewController.swift */; };
		994E91B7264F3F7000A41509 /* QuizViewController.swift in Sources */ = {isa = PBXBuildFile; fileRef = 994E91B6264F3F7000A41509 /* QuizViewController.swift */; };
		994E91BC264F3F8800A41509 /* ResultViewController.swift in Sources */ = {isa = PBXBuildFile; fileRef = 994E91BB264F3F8800A41509 /* ResultViewController.swift */; };
		994E91C4264F42E100A41509 /* Quiz.swift in Sources */ = {isa = PBXBuildFile; fileRef = 994E91C3264F42E100A41509 /* Quiz.swift */; };
		994E91C9264F42F700A41509 /* QuizManager.swift in Sources */ = {isa = PBXBuildFile; fileRef = 994E91C8264F42F600A41509 /* QuizManager.swift */; };
		997918D2264F2AB60079E3A4 /* AppDelegate.swift in Sources */ = {isa = PBXBuildFile; fileRef = 997918D1264F2AB60079E3A4 /* AppDelegate.swift */; };
		997918D4264F2AB60079E3A4 /* SceneDelegate.swift in Sources */ = {isa = PBXBuildFile; fileRef = 997918D3264F2AB60079E3A4 /* SceneDelegate.swift */; };
		997918D9264F2AB60079E3A4 /* Main.storyboard in Resources */ = {isa = PBXBuildFile; fileRef = 997918D7264F2AB60079E3A4 /* Main.storyboard */; };
		997918DB264F2AB70079E3A4 /* Assets.xcassets in Resources */ = {isa = PBXBuildFile; fileRef = 997918DA264F2AB70079E3A4 /* Assets.xcassets */; };
		997918DE264F2AB70079E3A4 /* LaunchScreen.storyboard in Resources */ = {isa = PBXBuildFile; fileRef = 997918DC264F2AB70079E3A4 /* LaunchScreen.storyboard */; };
		997918E9264F2AB80079E3A4 /* Swift_QuizTests.swift in Sources */ = {isa = PBXBuildFile; fileRef = 997918E8264F2AB80079E3A4 /* Swift_QuizTests.swift */; };
		997918F4264F2AB80079E3A4 /* Swift_QuizUITests.swift in Sources */ = {isa = PBXBuildFile; fileRef = 997918F3264F2AB80079E3A4 /* Swift_QuizUITests.swift */; };
		99793E6C2650C09D004D4C72 /* README.md in Resources */ = {isa = PBXBuildFile; fileRef = 99793E6B2650C09D004D4C72 /* README.md */; };
/* End PBXBuildFile section */

/* Begin PBXContainerItemProxy section */
		997918E5264F2AB80079E3A4 /* PBXContainerItemProxy */ = {
			isa = PBXContainerItemProxy;
			containerPortal = 997918C6264F2AB60079E3A4 /* Project object */;
			proxyType = 1;
			remoteGlobalIDString = 997918CD264F2AB60079E3A4;
			remoteInfo = Swift_Quiz;
		};
		997918F0264F2AB80079E3A4 /* PBXContainerItemProxy */ = {
			isa = PBXContainerItemProxy;
			containerPortal = 997918C6264F2AB60079E3A4 /* Project object */;
			proxyType = 1;
			remoteGlobalIDString = 997918CD264F2AB60079E3A4;
			remoteInfo = Swift_Quiz;
		};
/* End PBXContainerItemProxy section */

/* Begin PBXFileReference section */
		162F813727A3759E008ECE9F /* ConfigQuiz.storyboard */ = {isa = PBXFileReference; lastKnownFileType = file.storyboard; path = ConfigQuiz.storyboard; sourceTree = "<group>"; };
		162F813927A375E2008ECE9F /* ConfigQuizViewController.swift */ = {isa = PBXFileReference; lastKnownFileType = sourcecode.swift; path = ConfigQuizViewController.swift; sourceTree = "<group>"; };
		994E91B6264F3F7000A41509 /* QuizViewController.swift */ = {isa = PBXFileReference; lastKnownFileType = sourcecode.swift; path = QuizViewController.swift; sourceTree = "<group>"; };
		994E91BB264F3F8800A41509 /* ResultViewController.swift */ = {isa = PBXFileReference; lastKnownFileType = sourcecode.swift; path = ResultViewController.swift; sourceTree = "<group>"; };
		994E91C3264F42E100A41509 /* Quiz.swift */ = {isa = PBXFileReference; lastKnownFileType = sourcecode.swift; path = Quiz.swift; sourceTree = "<group>"; };
		994E91C8264F42F600A41509 /* QuizManager.swift */ = {isa = PBXFileReference; lastKnownFileType = sourcecode.swift; path = QuizManager.swift; sourceTree = "<group>"; };
		997918CE264F2AB60079E3A4 /* Swift_Quiz.app */ = {isa = PBXFileReference; explicitFileType = wrapper.application; includeInIndex = 0; path = Swift_Quiz.app; sourceTree = BUILT_PRODUCTS_DIR; };
		997918D1264F2AB60079E3A4 /* AppDelegate.swift */ = {isa = PBXFileReference; lastKnownFileType = sourcecode.swift; path = AppDelegate.swift; sourceTree = "<group>"; };
		997918D3264F2AB60079E3A4 /* SceneDelegate.swift */ = {isa = PBXFileReference; lastKnownFileType = sourcecode.swift; path = SceneDelegate.swift; sourceTree = "<group>"; };
		997918D8264F2AB60079E3A4 /* Base */ = {isa = PBXFileReference; lastKnownFileType = file.storyboard; name = Base; path = Base.lproj/Main.storyboard; sourceTree = "<group>"; };
		997918DA264F2AB70079E3A4 /* Assets.xcassets */ = {isa = PBXFileReference; lastKnownFileType = folder.assetcatalog; path = Assets.xcassets; sourceTree = "<group>"; };
		997918DD264F2AB70079E3A4 /* Base */ = {isa = PBXFileReference; lastKnownFileType = file.storyboard; name = Base; path = Base.lproj/LaunchScreen.storyboard; sourceTree = "<group>"; };
		997918DF264F2AB70079E3A4 /* Info.plist */ = {isa = PBXFileReference; lastKnownFileType = text.plist.xml; path = Info.plist; sourceTree = "<group>"; };
		997918E4264F2AB80079E3A4 /* Swift_QuizTests.xctest */ = {isa = PBXFileReference; explicitFileType = wrapper.cfbundle; includeInIndex = 0; path = Swift_QuizTests.xctest; sourceTree = BUILT_PRODUCTS_DIR; };
		997918E8264F2AB80079E3A4 /* Swift_QuizTests.swift */ = {isa = PBXFileReference; lastKnownFileType = sourcecode.swift; path = Swift_QuizTests.swift; sourceTree = "<group>"; };
		997918EA264F2AB80079E3A4 /* Info.plist */ = {isa = PBXFileReference; lastKnownFileType = text.plist.xml; path = Info.plist; sourceTree = "<group>"; };
		997918EF264F2AB80079E3A4 /* Swift_QuizUITests.xctest */ = {isa = PBXFileReference; explicitFileType = wrapper.cfbundle; includeInIndex = 0; path = Swift_QuizUITests.xctest; sourceTree = BUILT_PRODUCTS_DIR; };
		997918F3264F2AB80079E3A4 /* Swift_QuizUITests.swift */ = {isa = PBXFileReference; lastKnownFileType = sourcecode.swift; path = Swift_QuizUITests.swift; sourceTree = "<group>"; };
		997918F5264F2AB80079E3A4 /* Info.plist */ = {isa = PBXFileReference; lastKnownFileType = text.plist.xml; path = Info.plist; sourceTree = "<group>"; };
		99793E6B2650C09D004D4C72 /* README.md */ = {isa = PBXFileReference; fileEncoding = 4; lastKnownFileType = net.daringfireball.markdown; path = README.md; sourceTree = SOURCE_ROOT; };
/* End PBXFileReference section */

/* Begin PBXFrameworksBuildPhase section */
		997918CB264F2AB60079E3A4 /* Frameworks */ = {
			isa = PBXFrameworksBuildPhase;
			buildActionMask = 2147483647;
			files = (
			);
			runOnlyForDeploymentPostprocessing = 0;
		};
		997918E1264F2AB80079E3A4 /* Frameworks */ = {
			isa = PBXFrameworksBuildPhase;
			buildActionMask = 2147483647;
			files = (
			);
			runOnlyForDeploymentPostprocessing = 0;
		};
		997918EC264F2AB80079E3A4 /* Frameworks */ = {
			isa = PBXFrameworksBuildPhase;
			buildActionMask = 2147483647;
			files = (
			);
			runOnlyForDeploymentPostprocessing = 0;
		};
/* End PBXFrameworksBuildPhase section */

/* Begin PBXGroup section */
		997918C5264F2AB60079E3A4 = {
			isa = PBXGroup;
			children = (
				997918D0264F2AB60079E3A4 /* Swift_Quiz */,
				997918E7264F2AB80079E3A4 /* Swift_QuizTests */,
				997918F2264F2AB80079E3A4 /* Swift_QuizUITests */,
				997918CF264F2AB60079E3A4 /* Products */,
			);
			sourceTree = "<group>";
		};
		997918CF264F2AB60079E3A4 /* Products */ = {
			isa = PBXGroup;
			children = (
				997918CE264F2AB60079E3A4 /* Swift_Quiz.app */,
				997918E4264F2AB80079E3A4 /* Swift_QuizTests.xctest */,
				997918EF264F2AB80079E3A4 /* Swift_QuizUITests.xctest */,
			);
			name = Products;
			sourceTree = "<group>";
		};
		997918D0264F2AB60079E3A4 /* Swift_Quiz */ = {
			isa = PBXGroup;
			children = (
				99793E6B2650C09D004D4C72 /* README.md */,
				997918D1264F2AB60079E3A4 /* AppDelegate.swift */,
				997918D3264F2AB60079E3A4 /* SceneDelegate.swift */,
				99793E5C2650A35E004D4C72 /* Controllers */,
				99793E602650A377004D4C72 /* Model */,
				99793E672650A3B3004D4C72 /* Views */,
				997918DA264F2AB70079E3A4 /* Assets.xcassets */,
				997918DF264F2AB70079E3A4 /* Info.plist */,
			);
			path = Swift_Quiz;
			sourceTree = "<group>";
		};
		997918E7264F2AB80079E3A4 /* Swift_QuizTests */ = {
			isa = PBXGroup;
			children = (
				997918E8264F2AB80079E3A4 /* Swift_QuizTests.swift */,
				997918EA264F2AB80079E3A4 /* Info.plist */,
			);
			path = Swift_QuizTests;
			sourceTree = "<group>";
		};
		997918F2264F2AB80079E3A4 /* Swift_QuizUITests */ = {
			isa = PBXGroup;
			children = (
				997918F3264F2AB80079E3A4 /* Swift_QuizUITests.swift */,
				997918F5264F2AB80079E3A4 /* Info.plist */,
			);
			path = Swift_QuizUITests;
			sourceTree = "<group>";
		};
		99793E5C2650A35E004D4C72 /* Controllers */ = {
			isa = PBXGroup;
			children = (
				994E91B6264F3F7000A41509 /* QuizViewController.swift */,
				994E91BB264F3F8800A41509 /* ResultViewController.swift */,
				162F813927A375E2008ECE9F /* ConfigQuizViewController.swift */,
			);
			path = Controllers;
			sourceTree = "<group>";
		};
		99793E602650A377004D4C72 /* Model */ = {
			isa = PBXGroup;
			children = (
				994E91C3264F42E100A41509 /* Quiz.swift */,
				994E91C8264F42F600A41509 /* QuizManager.swift */,
			);
			path = Model;
			sourceTree = "<group>";
		};
		99793E672650A3B3004D4C72 /* Views */ = {
			isa = PBXGroup;
			children = (
				997918D7264F2AB60079E3A4 /* Main.storyboard */,
				997918DC264F2AB70079E3A4 /* LaunchScreen.storyboard */,
				162F813727A3759E008ECE9F /* ConfigQuiz.storyboard */,
			);
			path = Views;
			sourceTree = "<group>";
		};
/* End PBXGroup section */

/* Begin PBXNativeTarget section */
		997918CD264F2AB60079E3A4 /* Swift_Quiz */ = {
			isa = PBXNativeTarget;
			buildConfigurationList = 997918F8264F2AB80079E3A4 /* Build configuration list for PBXNativeTarget "Swift_Quiz" */;
			buildPhases = (
				997918CA264F2AB60079E3A4 /* Sources */,
				997918CB264F2AB60079E3A4 /* Frameworks */,
				997918CC264F2AB60079E3A4 /* Resources */,
			);
			buildRules = (
			);
			dependencies = (
			);
			name = Swift_Quiz;
			productName = Swift_Quiz;
			productReference = 997918CE264F2AB60079E3A4 /* Swift_Quiz.app */;
			productType = "com.apple.product-type.application";
		};
		997918E3264F2AB80079E3A4 /* Swift_QuizTests */ = {
			isa = PBXNativeTarget;
			buildConfigurationList = 997918FB264F2AB80079E3A4 /* Build configuration list for PBXNativeTarget "Swift_QuizTests" */;
			buildPhases = (
				997918E0264F2AB80079E3A4 /* Sources */,
				997918E1264F2AB80079E3A4 /* Frameworks */,
				997918E2264F2AB80079E3A4 /* Resources */,
			);
			buildRules = (
			);
			dependencies = (
				997918E6264F2AB80079E3A4 /* PBXTargetDependency */,
			);
			name = Swift_QuizTests;
			productName = Swift_QuizTests;
			productReference = 997918E4264F2AB80079E3A4 /* Swift_QuizTests.xctest */;
			productType = "com.apple.product-type.bundle.unit-test";
		};
		997918EE264F2AB80079E3A4 /* Swift_QuizUITests */ = {
			isa = PBXNativeTarget;
			buildConfigurationList = 997918FE264F2AB80079E3A4 /* Build configuration list for PBXNativeTarget "Swift_QuizUITests" */;
			buildPhases = (
				997918EB264F2AB80079E3A4 /* Sources */,
				997918EC264F2AB80079E3A4 /* Frameworks */,
				997918ED264F2AB80079E3A4 /* Resources */,
			);
			buildRules = (
			);
			dependencies = (
				997918F1264F2AB80079E3A4 /* PBXTargetDependency */,
			);
			name = Swift_QuizUITests;
			productName = Swift_QuizUITests;
			productReference = 997918EF264F2AB80079E3A4 /* Swift_QuizUITests.xctest */;
			productType = "com.apple.product-type.bundle.ui-testing";
		};
/* End PBXNativeTarget section */

/* Begin PBXProject section */
		997918C6264F2AB60079E3A4 /* Project object */ = {
			isa = PBXProject;
			attributes = {
				LastSwiftUpdateCheck = 1240;
				LastUpgradeCheck = 1240;
				TargetAttributes = {
					997918CD264F2AB60079E3A4 = {
						CreatedOnToolsVersion = 12.4;
					};
					997918E3264F2AB80079E3A4 = {
						CreatedOnToolsVersion = 12.4;
						TestTargetID = 997918CD264F2AB60079E3A4;
					};
					997918EE264F2AB80079E3A4 = {
						CreatedOnToolsVersion = 12.4;
						TestTargetID = 997918CD264F2AB60079E3A4;
					};
				};
			};
			buildConfigurationList = 997918C9264F2AB60079E3A4 /* Build configuration list for PBXProject "Swift_Quiz" */;
			compatibilityVersion = "Xcode 9.3";
			developmentRegion = en;
			hasScannedForEncodings = 0;
			knownRegions = (
				en,
				Base,
			);
			mainGroup = 997918C5264F2AB60079E3A4;
			productRefGroup = 997918CF264F2AB60079E3A4 /* Products */;
			projectDirPath = "";
			projectRoot = "";
			targets = (
				997918CD264F2AB60079E3A4 /* Swift_Quiz */,
				997918E3264F2AB80079E3A4 /* Swift_QuizTests */,
				997918EE264F2AB80079E3A4 /* Swift_QuizUITests */,
			);
		};
/* End PBXProject section */

/* Begin PBXResourcesBuildPhase section */
		997918CC264F2AB60079E3A4 /* Resources */ = {
			isa = PBXResourcesBuildPhase;
			buildActionMask = 2147483647;
			files = (
				997918DE264F2AB70079E3A4 /* LaunchScreen.storyboard in Resources */,
				162F813827A3759E008ECE9F /* ConfigQuiz.storyboard in Resources */,
				997918DB264F2AB70079E3A4 /* Assets.xcassets in Resources */,
				99793E6C2650C09D004D4C72 /* README.md in Resources */,
				997918D9264F2AB60079E3A4 /* Main.storyboard in Resources */,
			);
			runOnlyForDeploymentPostprocessing = 0;
		};
		997918E2264F2AB80079E3A4 /* Resources */ = {
			isa = PBXResourcesBuildPhase;
			buildActionMask = 2147483647;
			files = (
			);
			runOnlyForDeploymentPostprocessing = 0;
		};
		997918ED264F2AB80079E3A4 /* Resources */ = {
			isa = PBXResourcesBuildPhase;
			buildActionMask = 2147483647;
			files = (
			);
			runOnlyForDeploymentPostprocessing = 0;
		};
/* End PBXResourcesBuildPhase section */

/* Begin PBXSourcesBuildPhase section */
		997918CA264F2AB60079E3A4 /* Sources */ = {
			isa = PBXSourcesBuildPhase;
			buildActionMask = 2147483647;
			files = (
				994E91BC264F3F8800A41509 /* ResultViewController.swift in Sources */,
				994E91C4264F42E100A41509 /* Quiz.swift in Sources */,
				994E91C9264F42F700A41509 /* QuizManager.swift in Sources */,
				162F813A27A375E2008ECE9F /* ConfigQuizViewController.swift in Sources */,
				997918D2264F2AB60079E3A4 /* AppDelegate.swift in Sources */,
				997918D4264F2AB60079E3A4 /* SceneDelegate.swift in Sources */,
				994E91B7264F3F7000A41509 /* QuizViewController.swift in Sources */,
			);
			runOnlyForDeploymentPostprocessing = 0;
		};
		997918E0264F2AB80079E3A4 /* Sources */ = {
			isa = PBXSourcesBuildPhase;
			buildActionMask = 2147483647;
			files = (
				997918E9264F2AB80079E3A4 /* Swift_QuizTests.swift in Sources */,
			);
			runOnlyForDeploymentPostprocessing = 0;
		};
		997918EB264F2AB80079E3A4 /* Sources */ = {
			isa = PBXSourcesBuildPhase;
			buildActionMask = 2147483647;
			files = (
				997918F4264F2AB80079E3A4 /* Swift_QuizUITests.swift in Sources */,
			);
			runOnlyForDeploymentPostprocessing = 0;
		};
/* End PBXSourcesBuildPhase section */

/* Begin PBXTargetDependency section */
		997918E6264F2AB80079E3A4 /* PBXTargetDependency */ = {
			isa = PBXTargetDependency;
			target = 997918CD264F2AB60079E3A4 /* Swift_Quiz */;
			targetProxy = 997918E5264F2AB80079E3A4 /* PBXContainerItemProxy */;
		};
		997918F1264F2AB80079E3A4 /* PBXTargetDependency */ = {
			isa = PBXTargetDependency;
			target = 997918CD264F2AB60079E3A4 /* Swift_Quiz */;
			targetProxy = 997918F0264F2AB80079E3A4 /* PBXContainerItemProxy */;
		};
/* End PBXTargetDependency section */

/* Begin PBXVariantGroup section */
		997918D7264F2AB60079E3A4 /* Main.storyboard */ = {
			isa = PBXVariantGroup;
			children = (
				997918D8264F2AB60079E3A4 /* Base */,
			);
			name = Main.storyboard;
			sourceTree = "<group>";
		};
		997918DC264F2AB70079E3A4 /* LaunchScreen.storyboard */ = {
			isa = PBXVariantGroup;
			children = (
				997918DD264F2AB70079E3A4 /* Base */,
			);
			name = LaunchScreen.storyboard;
			sourceTree = "<group>";
		};
/* End PBXVariantGroup section */

/* Begin XCBuildConfiguration section */
		997918F6264F2AB80079E3A4 /* Debug */ = {
			isa = XCBuildConfiguration;
			buildSettings = {
				ALWAYS_SEARCH_USER_PATHS = NO;
				CLANG_ANALYZER_NONNULL = YES;
				CLANG_ANALYZER_NUMBER_OBJECT_CONVERSION = YES_AGGRESSIVE;
				CLANG_CXX_LANGUAGE_STANDARD = "gnu++14";
				CLANG_CXX_LIBRARY = "libc++";
				CLANG_ENABLE_MODULES = YES;
				CLANG_ENABLE_OBJC_ARC = YES;
				CLANG_ENABLE_OBJC_WEAK = YES;
				CLANG_WARN_BLOCK_CAPTURE_AUTORELEASING = YES;
				CLANG_WARN_BOOL_CONVERSION = YES;
				CLANG_WARN_COMMA = YES;
				CLANG_WARN_CONSTANT_CONVERSION = YES;
				CLANG_WARN_DEPRECATED_OBJC_IMPLEMENTATIONS = YES;
				CLANG_WARN_DIRECT_OBJC_ISA_USAGE = YES_ERROR;
				CLANG_WARN_DOCUMENTATION_COMMENTS = YES;
				CLANG_WARN_EMPTY_BODY = YES;
				CLANG_WARN_ENUM_CONVERSION = YES;
				CLANG_WARN_INFINITE_RECURSION = YES;
				CLANG_WARN_INT_CONVERSION = YES;
				CLANG_WARN_NON_LITERAL_NULL_CONVERSION = YES;
				CLANG_WARN_OBJC_IMPLICIT_RETAIN_SELF = YES;
				CLANG_WARN_OBJC_LITERAL_CONVERSION = YES;
				CLANG_WARN_OBJC_ROOT_CLASS = YES_ERROR;
				CLANG_WARN_QUOTED_INCLUDE_IN_FRAMEWORK_HEADER = YES;
				CLANG_WARN_RANGE_LOOP_ANALYSIS = YES;
				CLANG_WARN_STRICT_PROTOTYPES = YES;
				CLANG_WARN_SUSPICIOUS_MOVE = YES;
				CLANG_WARN_UNGUARDED_AVAILABILITY = YES_AGGRESSIVE;
				CLANG_WARN_UNREACHABLE_CODE = YES;
				CLANG_WARN__DUPLICATE_METHOD_MATCH = YES;
				COPY_PHASE_STRIP = NO;
				DEBUG_INFORMATION_FORMAT = dwarf;
				ENABLE_STRICT_OBJC_MSGSEND = YES;
				ENABLE_TESTABILITY = YES;
				GCC_C_LANGUAGE_STANDARD = gnu11;
				GCC_DYNAMIC_NO_PIC = NO;
				GCC_NO_COMMON_BLOCKS = YES;
				GCC_OPTIMIZATION_LEVEL = 0;
				GCC_PREPROCESSOR_DEFINITIONS = (
					"DEBUG=1",
					"$(inherited)",
				);
				GCC_WARN_64_TO_32_BIT_CONVERSION = YES;
				GCC_WARN_ABOUT_RETURN_TYPE = YES_ERROR;
				GCC_WARN_UNDECLARED_SELECTOR = YES;
				GCC_WARN_UNINITIALIZED_AUTOS = YES_AGGRESSIVE;
				GCC_WARN_UNUSED_FUNCTION = YES;
				GCC_WARN_UNUSED_VARIABLE = YES;
				IPHONEOS_DEPLOYMENT_TARGET = 14.4;
				MTL_ENABLE_DEBUG_INFO = INCLUDE_SOURCE;
				MTL_FAST_MATH = YES;
				ONLY_ACTIVE_ARCH = YES;
				SDKROOT = iphoneos;
				SWIFT_ACTIVE_COMPILATION_CONDITIONS = DEBUG;
				SWIFT_OPTIMIZATION_LEVEL = "-Onone";
			};
			name = Debug;
		};
		997918F7264F2AB80079E3A4 /* Release */ = {
			isa = XCBuildConfiguration;
			buildSettings = {
				ALWAYS_SEARCH_USER_PATHS = NO;
				CLANG_ANALYZER_NONNULL = YES;
				CLANG_ANALYZER_NUMBER_OBJECT_CONVERSION = YES_AGGRESSIVE;
				CLANG_CXX_LANGUAGE_STANDARD = "gnu++14";
				CLANG_CXX_LIBRARY = "libc++";
				CLANG_ENABLE_MODULES = YES;
				CLANG_ENABLE_OBJC_ARC = YES;
				CLANG_ENABLE_OBJC_WEAK = YES;
				CLANG_WARN_BLOCK_CAPTURE_AUTORELEASING = YES;
				CLANG_WARN_BOOL_CONVERSION = YES;
				CLANG_WARN_COMMA = YES;
				CLANG_WARN_CONSTANT_CONVERSION = YES;
				CLANG_WARN_DEPRECATED_OBJC_IMPLEMENTATIONS = YES;
				CLANG_WARN_DIRECT_OBJC_ISA_USAGE = YES_ERROR;
				CLANG_WARN_DOCUMENTATION_COMMENTS = YES;
				CLANG_WARN_EMPTY_BODY = YES;
				CLANG_WARN_ENUM_CONVERSION = YES;
				CLANG_WARN_INFINITE_RECURSION = YES;
				CLANG_WARN_INT_CONVERSION = YES;
				CLANG_WARN_NON_LITERAL_NULL_CONVERSION = YES;
				CLANG_WARN_OBJC_IMPLICIT_RETAIN_SELF = YES;
				CLANG_WARN_OBJC_LITERAL_CONVERSION = YES;
				CLANG_WARN_OBJC_ROOT_CLASS = YES_ERROR;
				CLANG_WARN_QUOTED_INCLUDE_IN_FRAMEWORK_HEADER = YES;
				CLANG_WARN_RANGE_LOOP_ANALYSIS = YES;
				CLANG_WARN_STRICT_PROTOTYPES = YES;
				CLANG_WARN_SUSPICIOUS_MOVE = YES;
				CLANG_WARN_UNGUARDED_AVAILABILITY = YES_AGGRESSIVE;
				CLANG_WARN_UNREACHABLE_CODE = YES;
				CLANG_WARN__DUPLICATE_METHOD_MATCH = YES;
				COPY_PHASE_STRIP = NO;
				DEBUG_INFORMATION_FORMAT = "dwarf-with-dsym";
				ENABLE_NS_ASSERTIONS = NO;
				ENABLE_STRICT_OBJC_MSGSEND = YES;
				GCC_C_LANGUAGE_STANDARD = gnu11;
				GCC_NO_COMMON_BLOCKS = YES;
				GCC_WARN_64_TO_32_BIT_CONVERSION = YES;
				GCC_WARN_ABOUT_RETURN_TYPE = YES_ERROR;
				GCC_WARN_UNDECLARED_SELECTOR = YES;
				GCC_WARN_UNINITIALIZED_AUTOS = YES_AGGRESSIVE;
				GCC_WARN_UNUSED_FUNCTION = YES;
				GCC_WARN_UNUSED_VARIABLE = YES;
				IPHONEOS_DEPLOYMENT_TARGET = 14.4;
				MTL_ENABLE_DEBUG_INFO = NO;
				MTL_FAST_MATH = YES;
				SDKROOT = iphoneos;
				SWIFT_COMPILATION_MODE = wholemodule;
				SWIFT_OPTIMIZATION_LEVEL = "-O";
				VALIDATE_PRODUCT = YES;
			};
			name = Release;
		};
		997918F9264F2AB80079E3A4 /* Debug */ = {
			isa = XCBuildConfiguration;
			buildSettings = {
				ASSETCATALOG_COMPILER_APPICON_NAME = AppIcon;
				ASSETCATALOG_COMPILER_GLOBAL_ACCENT_COLOR_NAME = AccentColor;
				CODE_SIGN_STYLE = Automatic;
				DEVELOPMENT_TEAM = 8QS6PBHYYD;
				INFOPLIST_FILE = Swift_Quiz/Info.plist;
				LD_RUNPATH_SEARCH_PATHS = (
					"$(inherited)",
					"@executable_path/Frameworks",
				);
				PRODUCT_BUNDLE_IDENTIFIER = "br.com.apendizado.swift.quiz.udemy.Swift-Quiz";
				PRODUCT_NAME = "$(TARGET_NAME)";
				SWIFT_VERSION = 5.0;
				TARGETED_DEVICE_FAMILY = "1,2";
			};
			name = Debug;
		};
		997918FA264F2AB80079E3A4 /* Release */ = {
			isa = XCBuildConfiguration;
			buildSettings = {
				ASSETCATALOG_COMPILER_APPICON_NAME = AppIcon;
				ASSETCATALOG_COMPILER_GLOBAL_ACCENT_COLOR_NAME = AccentColor;
				CODE_SIGN_STYLE = Automatic;
				DEVELOPMENT_TEAM = 8QS6PBHYYD;
				INFOPLIST_FILE = Swift_Quiz/Info.plist;
				LD_RUNPATH_SEARCH_PATHS = (
					"$(inherited)",
					"@executable_path/Frameworks",
				);
				PRODUCT_BUNDLE_IDENTIFIER = "br.com.apendizado.swift.quiz.udemy.Swift-Quiz";
				PRODUCT_NAME = "$(TARGET_NAME)";
				SWIFT_VERSION = 5.0;
				TARGETED_DEVICE_FAMILY = "1,2";
			};
			name = Release;
		};
		997918FC264F2AB80079E3A4 /* Debug */ = {
			isa = XCBuildConfiguration;
			buildSettings = {
				ALWAYS_EMBED_SWIFT_STANDARD_LIBRARIES = YES;
				BUNDLE_LOADER = "$(TEST_HOST)";
				CODE_SIGN_STYLE = Automatic;
				DEVELOPMENT_TEAM = 8QS6PBHYYD;
				INFOPLIST_FILE = Swift_QuizTests/Info.plist;
				IPHONEOS_DEPLOYMENT_TARGET = 14.4;
				LD_RUNPATH_SEARCH_PATHS = (
					"$(inherited)",
					"@executable_path/Frameworks",
					"@loader_path/Frameworks",
				);
				PRODUCT_BUNDLE_IDENTIFIER = "br.com.apendizado.swift.quiz.udemy.Swift-QuizTests";
				PRODUCT_NAME = "$(TARGET_NAME)";
				SWIFT_VERSION = 5.0;
				TARGETED_DEVICE_FAMILY = "1,2";
				TEST_HOST = "$(BUILT_PRODUCTS_DIR)/Swift_Quiz.app/Swift_Quiz";
			};
			name = Debug;
		};
		997918FD264F2AB80079E3A4 /* Release */ = {
			isa = XCBuildConfiguration;
			buildSettings = {
				ALWAYS_EMBED_SWIFT_STANDARD_LIBRARIES = YES;
				BUNDLE_LOADER = "$(TEST_HOST)";
				CODE_SIGN_STYLE = Automatic;
				DEVELOPMENT_TEAM = 8QS6PBHYYD;
				INFOPLIST_FILE = Swift_QuizTests/Info.plist;
				IPHONEOS_DEPLOYMENT_TARGET = 14.4;
				LD_RUNPATH_SEARCH_PATHS = (
					"$(inherited)",
					"@executable_path/Frameworks",
					"@loader_path/Frameworks",
				);
				PRODUCT_BUNDLE_IDENTIFIER = "br.com.apendizado.swift.quiz.udemy.Swift-QuizTests";
				PRODUCT_NAME = "$(TARGET_NAME)";
				SWIFT_VERSION = 5.0;
				TARGETED_DEVICE_FAMILY = "1,2";
				TEST_HOST = "$(BUILT_PRODUCTS_DIR)/Swift_Quiz.app/Swift_Quiz";
			};
			name = Release;
		};
		997918FF264F2AB80079E3A4 /* Debug */ = {
			isa = XCBuildConfiguration;
			buildSettings = {
				ALWAYS_EMBED_SWIFT_STANDARD_LIBRARIES = YES;
				CODE_SIGN_STYLE = Automatic;
				DEVELOPMENT_TEAM = 8QS6PBHYYD;
				INFOPLIST_FILE = Swift_QuizUITests/Info.plist;
				LD_RUNPATH_SEARCH_PATHS = (
					"$(inherited)",
					"@executable_path/Frameworks",
					"@loader_path/Frameworks",
				);
				PRODUCT_BUNDLE_IDENTIFIER = "br.com.apendizado.swift.quiz.udemy.Swift-QuizUITests";
				PRODUCT_NAME = "$(TARGET_NAME)";
				SWIFT_VERSION = 5.0;
				TARGETED_DEVICE_FAMILY = "1,2";
				TEST_TARGET_NAME = Swift_Quiz;
			};
			name = Debug;
		};
		99791900264F2AB80079E3A4 /* Release */ = {
			isa = XCBuildConfiguration;
			buildSettings = {
				ALWAYS_EMBED_SWIFT_STANDARD_LIBRARIES = YES;
				CODE_SIGN_STYLE = Automatic;
				DEVELOPMENT_TEAM = 8QS6PBHYYD;
				INFOPLIST_FILE = Swift_QuizUITests/Info.plist;
				LD_RUNPATH_SEARCH_PATHS = (
					"$(inherited)",
					"@executable_path/Frameworks",
					"@loader_path/Frameworks",
				);
				PRODUCT_BUNDLE_IDENTIFIER = "br.com.apendizado.swift.quiz.udemy.Swift-QuizUITests";
				PRODUCT_NAME = "$(TARGET_NAME)";
				SWIFT_VERSION = 5.0;
				TARGETED_DEVICE_FAMILY = "1,2";
				TEST_TARGET_NAME = Swift_Quiz;
			};
			name = Release;
		};
/* End XCBuildConfiguration section */

/* Begin XCConfigurationList section */
		997918C9264F2AB60079E3A4 /* Build configuration list for PBXProject "Swift_Quiz" */ = {
			isa = XCConfigurationList;
			buildConfigurations = (
				997918F6264F2AB80079E3A4 /* Debug */,
				997918F7264F2AB80079E3A4 /* Release */,
			);
			defaultConfigurationIsVisible = 0;
			defaultConfigurationName = Release;
		};
		997918F8264F2AB80079E3A4 /* Build configuration list for PBXNativeTarget "Swift_Quiz" */ = {
			isa = XCConfigurationList;
			buildConfigurations = (
				997918F9264F2AB80079E3A4 /* Debug */,
				997918FA264F2AB80079E3A4 /* Release */,
			);
			defaultConfigurationIsVisible = 0;
			defaultConfigurationName = Release;
		};
		997918FB264F2AB80079E3A4 /* Build configuration list for PBXNativeTarget "Swift_QuizTests" */ = {
			isa = XCConfigurationList;
			buildConfigurations = (
				997918FC264F2AB80079E3A4 /* Debug */,
				997918FD264F2AB80079E3A4 /* Release */,
			);
			defaultConfigurationIsVisible = 0;
			defaultConfigurationName = Release;
		};
		997918FE264F2AB80079E3A4 /* Build configuration list for PBXNativeTarget "Swift_QuizUITests" */ = {
			isa = XCConfigurationList;
			buildConfigurations = (
				997918FF264F2AB80079E3A4 /* Debug */,
				99791900264F2AB80079E3A4 /* Release */,
			);
			defaultConfigurationIsVisible = 0;
			defaultConfigurationName = Release;
		};
/* End XCConfigurationList section */
	};
	rootObject = 997918C6264F2AB60079E3A4 /* Project object */;
}
